
Microsoft Visual Studio Solution File, Format Version 12.00
# Visual Studio Version 17
VisualStudioVersion = 17.9.34728.123
MinimumVisualStudioVersion = 10.0.40219.1
Project("{FAE04EC0-301F-11D3-BF4B-00C04F79EFBC}") = "ProGitForProgrammers", "ProGitForProgrammers\ProGitForProgrammers.csproj", "{C6777F52-5741-4111-A25C-D49A68AEFAFE}"
EndProject
Global
	GlobalSection(SolutionConfigurationPlatforms) = preSolution
		Debug|Any CPU = Debug|Any CPU
		Release|Any CPU = Release|Any CPU
	EndGlobalSection
	GlobalSection(ProjectConfigurationPlatforms) = postSolution
		{C6777F52-5741-4111-A25C-D49A68AEFAFE}.Debug|Any CPU.ActiveCfg = Debug|Any CPU
		{C6777F52-5741-4111-A25C-D49A68AEFAFE}.Debug|Any CPU.Build.0 = Debug|Any CPU
		{C6777F52-5741-4111-A25C-D49A68AEFAFE}.Release|Any CPU.ActiveCfg = Release|Any CPU
		{C6777F52-5741-4111-A25C-D49A68AEFAFE}.Release|Any CPU.Build.0 = Release|Any CPU
	EndGlobalSection
	GlobalSection(SolutionProperties) = preSolution
		HideSolutionNode = FALSE
	EndGlobalSection
	GlobalSection(ExtensibilityGlobals) = postSolution
		SolutionGuid = {1C591B0C-45DE-4429-96BD-0AC0C33C9692}
	EndGlobalSection
EndGlobal
